
Microsoft Visual Studio Solution File, Format Version 11.00
# Visual Studio 2010
Project("{FAE04EC0-301F-11D3-BF4B-00C04F79EFBC}") = "AutoCar", "Assembly-CSharp.csproj", "{9053E58C-CE74-40AB-ECBB-B1CB352DB597}"
EndProject
Project("{FAE04EC0-301F-11D3-BF4B-00C04F79EFBC}") = "AutoCar", "Assembly-CSharp-Editor.csproj", "{25CBE351-45C9-F518-3C7B-8412239231FF}"
EndProject
Global
	GlobalSection(SolutionConfigurationPlatforms) = preSolution
		Debug|Any CPU = Debug|Any CPU
		Release|Any CPU = Release|Any CPU
	EndGlobalSection
	GlobalSection(ProjectConfigurationPlatforms) = postSolution
		{9053E58C-CE74-40AB-ECBB-B1CB352DB597}.Debug|Any CPU.ActiveCfg = Debug|Any CPU
		{9053E58C-CE74-40AB-ECBB-B1CB352DB597}.Debug|Any CPU.Build.0 = Debug|Any CPU
		{9053E58C-CE74-40AB-ECBB-B1CB352DB597}.Release|Any CPU.ActiveCfg = Release|Any CPU
		{9053E58C-CE74-40AB-ECBB-B1CB352DB597}.Release|Any CPU.Build.0 = Release|Any CPU
		{25CBE351-45C9-F518-3C7B-8412239231FF}.Debug|Any CPU.ActiveCfg = Debug|Any CPU
		{25CBE351-45C9-F518-3C7B-8412239231FF}.Debug|Any CPU.Build.0 = Debug|Any CPU
		{25CBE351-45C9-F518-3C7B-8412239231FF}.Release|Any CPU.ActiveCfg = Release|Any CPU
		{25CBE351-45C9-F518-3C7B-8412239231FF}.Release|Any CPU.Build.0 = Release|Any CPU
	EndGlobalSection
	GlobalSection(SolutionProperties) = preSolution
		HideSolutionNode = FALSE
	EndGlobalSection
	GlobalSection(MonoDevelopProperties) = preSolution
		StartupItem = Assembly-CSharp.csproj
	EndGlobalSection
EndGlobal
